// !$*UTF8*$!
{
	archiveVersion = 1;
	classes = {
	};
	objectVersion = 46;
	objects = {

/* Begin PBXBuildFile section */
		15C4FF6FE7FD9FB7BCA01DAC /* Pods_FS_Mark0.framework in Frameworks */ = {isa = PBXBuildFile; fileRef = F49F4495C781C9155B379118 /* Pods_FS_Mark0.framework */; };
		920BF1CD1F3F641A007E6DC8 /* Order.swift in Sources */ = {isa = PBXBuildFile; fileRef = 920BF1CC1F3F641A007E6DC8 /* Order.swift */; };
		920BF1CF1F3F6F46007E6DC8 /* OrderCell.swift in Sources */ = {isa = PBXBuildFile; fileRef = 920BF1CE1F3F6F46007E6DC8 /* OrderCell.swift */; };
		92125DC31F010BAC00826AC1 /* AppDelegate.swift in Sources */ = {isa = PBXBuildFile; fileRef = 92125DC21F010BAC00826AC1 /* AppDelegate.swift */; };
		92125DC81F010BAC00826AC1 /* Main.storyboard in Resources */ = {isa = PBXBuildFile; fileRef = 92125DC61F010BAC00826AC1 /* Main.storyboard */; };
		92125DCA1F010BAC00826AC1 /* Assets.xcassets in Resources */ = {isa = PBXBuildFile; fileRef = 92125DC91F010BAC00826AC1 /* Assets.xcassets */; };
		92125DCD1F010BAC00826AC1 /* LaunchScreen.storyboard in Resources */ = {isa = PBXBuildFile; fileRef = 92125DCB1F010BAC00826AC1 /* LaunchScreen.storyboard */; };
		92125DD51F012A9700826AC1 /* QRCodeVC.swift in Sources */ = {isa = PBXBuildFile; fileRef = 92125DD41F012A9700826AC1 /* QRCodeVC.swift */; };
		92125DDB1F02553B00826AC1 /* SIgnInVC.swift in Sources */ = {isa = PBXBuildFile; fileRef = 92125DDA1F02553B00826AC1 /* SIgnInVC.swift */; };
		92125DDE1F026C1000826AC1 /* UserData.swift in Sources */ = {isa = PBXBuildFile; fileRef = 92125DDD1F026C1000826AC1 /* UserData.swift */; };
		92125DE21F03CD5600826AC1 /* DataService.swift in Sources */ = {isa = PBXBuildFile; fileRef = 92125DE11F03CD5600826AC1 /* DataService.swift */; };
		9220FE7B1F04F3E200B0D402 /* NSUserDefaults+isFirstLaunch.swift in Sources */ = {isa = PBXBuildFile; fileRef = 9220FE7A1F04F3E200B0D402 /* NSUserDefaults+isFirstLaunch.swift */; };
		9220FE7D1F0C4FE600B0D402 /* PhoneAuthVC.swift in Sources */ = {isa = PBXBuildFile; fileRef = 9220FE7C1F0C4FE600B0D402 /* PhoneAuthVC.swift */; };
		9220FE7F1F0DD2EA00B0D402 /* PhoneAuthVerificationVC.swift in Sources */ = {isa = PBXBuildFile; fileRef = 9220FE7E1F0DD2EA00B0D402 /* PhoneAuthVerificationVC.swift */; };
		922785621F476C450066F700 /* OrderTVC.swift in Sources */ = {isa = PBXBuildFile; fileRef = 922785611F476C450066F700 /* OrderTVC.swift */; };
		922785681F4921A20066F700 /* Coupon.swift in Sources */ = {isa = PBXBuildFile; fileRef = 922785671F4921A20066F700 /* Coupon.swift */; };
		92390BA11F94A01C00CE0B78 /* GoogleVC.swift in Sources */ = {isa = PBXBuildFile; fileRef = 92390BA01F94A01C00CE0B78 /* GoogleVC.swift */; };
		92390BA31F94A41100CE0B78 /* InviteVC.swift in Sources */ = {isa = PBXBuildFile; fileRef = 92390BA21F94A41100CE0B78 /* InviteVC.swift */; };
		923D7CA41F9D8CCE0081F3C2 /* InitialQRVC.swift in Sources */ = {isa = PBXBuildFile; fileRef = 923D7CA31F9D8CCE0081F3C2 /* InitialQRVC.swift */; };
		923D7CA61F9F10250081F3C2 /* AddressVC.swift in Sources */ = {isa = PBXBuildFile; fileRef = 923D7CA51F9F10250081F3C2 /* AddressVC.swift */; };
		923D7CA81F9F23FD0081F3C2 /* BottomTextField.swift in Sources */ = {isa = PBXBuildFile; fileRef = 923D7CA71F9F23FD0081F3C2 /* BottomTextField.swift */; };
		92642CA61F88C2B7002FCF6E /* NewCouponVC.swift in Sources */ = {isa = PBXBuildFile; fileRef = 92642CA51F88C2B7002FCF6E /* NewCouponVC.swift */; };
		92642CA81F88CB70002FCF6E /* CouponDigitalVC.swift in Sources */ = {isa = PBXBuildFile; fileRef = 92642CA71F88CB70002FCF6E /* CouponDigitalVC.swift */; };
		92642CAA1F892E1B002FCF6E /* CouponFeedbackOnlineVC.swift in Sources */ = {isa = PBXBuildFile; fileRef = 92642CA91F892E1B002FCF6E /* CouponFeedbackOnlineVC.swift */; };
		92680D321F84D2CB007E3C50 /* CouponDetailVC.swift in Sources */ = {isa = PBXBuildFile; fileRef = 92680D311F84D2CB007E3C50 /* CouponDetailVC.swift */; };
		92680D3C1F862A39007E3C50 /* Int+degreesToRadians.swift in Sources */ = {isa = PBXBuildFile; fileRef = 92680D3B1F862A39007E3C50 /* Int+degreesToRadians.swift */; };
		92984C1F1F62C2C6000FF983 /* DobVC.swift in Sources */ = {isa = PBXBuildFile; fileRef = 92984C1E1F62C2C6000FF983 /* DobVC.swift */; };
		92984C211F645372000FF983 /* HomeNewVC.swift in Sources */ = {isa = PBXBuildFile; fileRef = 92984C201F645372000FF983 /* HomeNewVC.swift */; };
		9298BD461F7A63360048ABFA /* GoogleService-Info.plist in Resources */ = {isa = PBXBuildFile; fileRef = 9298BD451F7A63360048ABFA /* GoogleService-Info.plist */; };
		9298BD481F7ADFA50048ABFA /* Brand.swift in Sources */ = {isa = PBXBuildFile; fileRef = 9298BD471F7ADFA50048ABFA /* Brand.swift */; };
		9298BD4A1F7AE0430048ABFA /* BrandCell.swift in Sources */ = {isa = PBXBuildFile; fileRef = 9298BD491F7AE0430048ABFA /* BrandCell.swift */; };
		92AA3DF81F2D247D00A6613E /* MoreVC.swift in Sources */ = {isa = PBXBuildFile; fileRef = 92AA3DF71F2D247D00A6613E /* MoreVC.swift */; };
		92AA3DFC1F2D32C800A6613E /* ProfileVC.swift in Sources */ = {isa = PBXBuildFile; fileRef = 92AA3DFB1F2D32C800A6613E /* ProfileVC.swift */; };
		92ABFF191F1C9F00004A797C /* WebViewVC.swift in Sources */ = {isa = PBXBuildFile; fileRef = 92ABFF181F1C9F00004A797C /* WebViewVC.swift */; };
		92AF006A1F35B4880061E243 /* Notification.swift in Sources */ = {isa = PBXBuildFile; fileRef = 92AF00691F35B4880061E243 /* Notification.swift */; };
		92AF00701F3734420061E243 /* TabBarTBC.swift in Sources */ = {isa = PBXBuildFile; fileRef = 92AF006F1F3734410061E243 /* TabBarTBC.swift */; };
		92B14B421F34880A005C45FE /* TabBar.swift in Sources */ = {isa = PBXBuildFile; fileRef = 92B14B411F34880A005C45FE /* TabBar.swift */; };
		92B14B441F349134005C45FE /* CouponCell.swift in Sources */ = {isa = PBXBuildFile; fileRef = 92B14B431F349134005C45FE /* CouponCell.swift */; };
		92BCD5361F4E0A4C00284E3B /* Alert.swift in Sources */ = {isa = PBXBuildFile; fileRef = 92BCD5351F4E0A4C00284E3B /* Alert.swift */; };
		92BCD5381F4E0A8A00284E3B /* AlertCell.swift in Sources */ = {isa = PBXBuildFile; fileRef = 92BCD5371F4E0A8A00284E3B /* AlertCell.swift */; };
		92BCD53E1F5544C400284E3B /* UIColor+FIAdditions.swift in Sources */ = {isa = PBXBuildFile; fileRef = 92BCD53D1F5544C400284E3B /* UIColor+FIAdditions.swift */; };
		92BCD5401F554EEA00284E3B /* FeedbackVC.swift in Sources */ = {isa = PBXBuildFile; fileRef = 92BCD53F1F554EEA00284E3B /* FeedbackVC.swift */; };
		92BCD5421F55620900284E3B /* RadioCheck.swift in Sources */ = {isa = PBXBuildFile; fileRef = 92BCD5411F55620900284E3B /* RadioCheck.swift */; };
		92BCF4E71F30BF470047EB74 /* AlertVC.swift in Sources */ = {isa = PBXBuildFile; fileRef = 92BCF4E61F30BF470047EB74 /* AlertVC.swift */; };
		92C2F1F91F11818E004C79DC /* UIColor.swift in Sources */ = {isa = PBXBuildFile; fileRef = 92C2F1F81F11818E004C79DC /* UIColor.swift */; };
		92DE41C11F16920A00535ACE /* UserInfo.swift in Sources */ = {isa = PBXBuildFile; fileRef = 92DE41C01F16920A00535ACE /* UserInfo.swift */; };
		92EA3E211F2CB71F00060424 /* UIView.swift in Sources */ = {isa = PBXBuildFile; fileRef = 92EA3E201F2CB71F00060424 /* UIView.swift */; };
		92F490B61F38ECB10096521D /* ThankYouVC.swift in Sources */ = {isa = PBXBuildFile; fileRef = 92F490B51F38ECB10096521D /* ThankYouVC.swift */; };
		92FD4CE01F93D2D400F4F1FD /* MoreSamplesVC.swift in Sources */ = {isa = PBXBuildFile; fileRef = 92FD4CDF1F93D2D400F4F1FD /* MoreSamplesVC.swift */; };
		92FD4CE21F93D50A00F4F1FD /* FAQ.swift in Sources */ = {isa = PBXBuildFile; fileRef = 92FD4CE11F93D50A00F4F1FD /* FAQ.swift */; };
		92FD4CE41F93D54900F4F1FD /* FAQCell.swift in Sources */ = {isa = PBXBuildFile; fileRef = 92FD4CE31F93D54900F4F1FD /* FAQCell.swift */; };
		92FD4CE61F93DBF800F4F1FD /* FaqTVC.swift in Sources */ = {isa = PBXBuildFile; fileRef = 92FD4CE51F93DBF800F4F1FD /* FaqTVC.swift */; };
/* End PBXBuildFile section */

/* Begin PBXFileReference section */
		920BF1CC1F3F641A007E6DC8 /* Order.swift */ = {isa = PBXFileReference; fileEncoding = 4; lastKnownFileType = sourcecode.swift; path = Order.swift; sourceTree = "<group>"; };
		920BF1CE1F3F6F46007E6DC8 /* OrderCell.swift */ = {isa = PBXFileReference; fileEncoding = 4; lastKnownFileType = sourcecode.swift; path = OrderCell.swift; sourceTree = "<group>"; };
		92125DBF1F010BAC00826AC1 /* FS_Mark0.app */ = {isa = PBXFileReference; explicitFileType = wrapper.application; includeInIndex = 0; path = FS_Mark0.app; sourceTree = BUILT_PRODUCTS_DIR; };
		92125DC21F010BAC00826AC1 /* AppDelegate.swift */ = {isa = PBXFileReference; lastKnownFileType = sourcecode.swift; path = AppDelegate.swift; sourceTree = "<group>"; };
		92125DC71F010BAC00826AC1 /* Base */ = {isa = PBXFileReference; lastKnownFileType = file.storyboard; name = Base; path = Base.lproj/Main.storyboard; sourceTree = "<group>"; };
		92125DC91F010BAC00826AC1 /* Assets.xcassets */ = {isa = PBXFileReference; lastKnownFileType = folder.assetcatalog; path = Assets.xcassets; sourceTree = "<group>"; };
		92125DCC1F010BAC00826AC1 /* Base */ = {isa = PBXFileReference; lastKnownFileType = file.storyboard; name = Base; path = Base.lproj/LaunchScreen.storyboard; sourceTree = "<group>"; };
		92125DCE1F010BAC00826AC1 /* Info.plist */ = {isa = PBXFileReference; lastKnownFileType = text.plist.xml; path = Info.plist; sourceTree = "<group>"; };
		92125DD41F012A9700826AC1 /* QRCodeVC.swift */ = {isa = PBXFileReference; fileEncoding = 4; lastKnownFileType = sourcecode.swift; path = QRCodeVC.swift; sourceTree = "<group>"; };
		92125DDA1F02553B00826AC1 /* SIgnInVC.swift */ = {isa = PBXFileReference; fileEncoding = 4; lastKnownFileType = sourcecode.swift; path = SIgnInVC.swift; sourceTree = "<group>"; };
		92125DDC1F025D2600826AC1 /* FS_Mark0.entitlements */ = {isa = PBXFileReference; lastKnownFileType = text.plist.entitlements; path = FS_Mark0.entitlements; sourceTree = "<group>"; };
		92125DDD1F026C1000826AC1 /* UserData.swift */ = {isa = PBXFileReference; fileEncoding = 4; lastKnownFileType = sourcecode.swift; path = UserData.swift; sourceTree = "<group>"; };
		92125DE11F03CD5600826AC1 /* DataService.swift */ = {isa = PBXFileReference; fileEncoding = 4; lastKnownFileType = sourcecode.swift; path = DataService.swift; sourceTree = "<group>"; };
		9220FE7A1F04F3E200B0D402 /* NSUserDefaults+isFirstLaunch.swift */ = {isa = PBXFileReference; fileEncoding = 4; lastKnownFileType = sourcecode.swift; path = "NSUserDefaults+isFirstLaunch.swift"; sourceTree = "<group>"; };
		9220FE7C1F0C4FE600B0D402 /* PhoneAuthVC.swift */ = {isa = PBXFileReference; fileEncoding = 4; lastKnownFileType = sourcecode.swift; path = PhoneAuthVC.swift; sourceTree = "<group>"; };
		9220FE7E1F0DD2EA00B0D402 /* PhoneAuthVerificationVC.swift */ = {isa = PBXFileReference; fileEncoding = 4; lastKnownFileType = sourcecode.swift; path = PhoneAuthVerificationVC.swift; sourceTree = "<group>"; };
		922785611F476C450066F700 /* OrderTVC.swift */ = {isa = PBXFileReference; fileEncoding = 4; lastKnownFileType = sourcecode.swift; path = OrderTVC.swift; sourceTree = "<group>"; };
		922785671F4921A20066F700 /* Coupon.swift */ = {isa = PBXFileReference; fileEncoding = 4; lastKnownFileType = sourcecode.swift; path = Coupon.swift; sourceTree = "<group>"; };
		92390BA01F94A01C00CE0B78 /* GoogleVC.swift */ = {isa = PBXFileReference; lastKnownFileType = sourcecode.swift; path = GoogleVC.swift; sourceTree = "<group>"; };
		92390BA21F94A41100CE0B78 /* InviteVC.swift */ = {isa = PBXFileReference; lastKnownFileType = sourcecode.swift; path = InviteVC.swift; sourceTree = "<group>"; };
		923D7CA31F9D8CCE0081F3C2 /* InitialQRVC.swift */ = {isa = PBXFileReference; lastKnownFileType = sourcecode.swift; path = InitialQRVC.swift; sourceTree = "<group>"; };
		923D7CA51F9F10250081F3C2 /* AddressVC.swift */ = {isa = PBXFileReference; lastKnownFileType = sourcecode.swift; path = AddressVC.swift; sourceTree = "<group>"; };
		923D7CA71F9F23FD0081F3C2 /* BottomTextField.swift */ = {isa = PBXFileReference; lastKnownFileType = sourcecode.swift; path = BottomTextField.swift; sourceTree = "<group>"; };
		92642CA51F88C2B7002FCF6E /* NewCouponVC.swift */ = {isa = PBXFileReference; lastKnownFileType = sourcecode.swift; path = NewCouponVC.swift; sourceTree = "<group>"; };
		92642CA71F88CB70002FCF6E /* CouponDigitalVC.swift */ = {isa = PBXFileReference; lastKnownFileType = sourcecode.swift; path = CouponDigitalVC.swift; sourceTree = "<group>"; };
		92642CA91F892E1B002FCF6E /* CouponFeedbackOnlineVC.swift */ = {isa = PBXFileReference; lastKnownFileType = sourcecode.swift; path = CouponFeedbackOnlineVC.swift; sourceTree = "<group>"; };
		92680D031F82A2F2007E3C50 /* Animation.mp4 */ = {isa = PBXFileReference; lastKnownFileType = file; path = Animation.mp4; sourceTree = "<group>"; };
		92680D311F84D2CB007E3C50 /* CouponDetailVC.swift */ = {isa = PBXFileReference; lastKnownFileType = sourcecode.swift; path = CouponDetailVC.swift; sourceTree = "<group>"; };
		92680D3A1F862990007E3C50 /* anim.gif */ = {isa = PBXFileReference; lastKnownFileType = image.gif; path = anim.gif; sourceTree = "<group>"; };
		92680D3B1F862A39007E3C50 /* Int+degreesToRadians.swift */ = {isa = PBXFileReference; lastKnownFileType = sourcecode.swift; path = "Int+degreesToRadians.swift"; sourceTree = "<group>"; };
		92984C1E1F62C2C6000FF983 /* DobVC.swift */ = {isa = PBXFileReference; fileEncoding = 4; lastKnownFileType = sourcecode.swift; path = DobVC.swift; sourceTree = "<group>"; };
		92984C201F645372000FF983 /* HomeNewVC.swift */ = {isa = PBXFileReference; fileEncoding = 4; lastKnownFileType = sourcecode.swift; path = HomeNewVC.swift; sourceTree = "<group>"; };
		9298BD451F7A63360048ABFA /* GoogleService-Info.plist */ = {isa = PBXFileReference; fileEncoding = 4; lastKnownFileType = text.plist.xml; path = "GoogleService-Info.plist"; sourceTree = "<group>"; };
		9298BD471F7ADFA50048ABFA /* Brand.swift */ = {isa = PBXFileReference; lastKnownFileType = sourcecode.swift; path = Brand.swift; sourceTree = "<group>"; };
		9298BD491F7AE0430048ABFA /* BrandCell.swift */ = {isa = PBXFileReference; lastKnownFileType = sourcecode.swift; path = BrandCell.swift; sourceTree = "<group>"; };
		92AA3DF71F2D247D00A6613E /* MoreVC.swift */ = {isa = PBXFileReference; fileEncoding = 4; lastKnownFileType = sourcecode.swift; path = MoreVC.swift; sourceTree = "<group>"; };
		92AA3DFB1F2D32C800A6613E /* ProfileVC.swift */ = {isa = PBXFileReference; fileEncoding = 4; lastKnownFileType = sourcecode.swift; path = ProfileVC.swift; sourceTree = "<group>"; };
		92ABFF0A1F1B7E79004A797C /* SurveyMonkeyiOSSDK.framework */ = {isa = PBXFileReference; lastKnownFileType = wrapper.framework; name = SurveyMonkeyiOSSDK.framework; path = "Pods/surveymonkey-ios-sdk/SurveyMonkeyiOSSDK.framework"; sourceTree = "<group>"; };
		92ABFF181F1C9F00004A797C /* WebViewVC.swift */ = {isa = PBXFileReference; fileEncoding = 4; lastKnownFileType = sourcecode.swift; path = WebViewVC.swift; sourceTree = "<group>"; };
		92AF00691F35B4880061E243 /* Notification.swift */ = {isa = PBXFileReference; fileEncoding = 4; lastKnownFileType = sourcecode.swift; path = Notification.swift; sourceTree = "<group>"; };
		92AF006F1F3734410061E243 /* TabBarTBC.swift */ = {isa = PBXFileReference; fileEncoding = 4; lastKnownFileType = sourcecode.swift; path = TabBarTBC.swift; sourceTree = "<group>"; };
		92B14B411F34880A005C45FE /* TabBar.swift */ = {isa = PBXFileReference; fileEncoding = 4; lastKnownFileType = sourcecode.swift; path = TabBar.swift; sourceTree = "<group>"; };
		92B14B431F349134005C45FE /* CouponCell.swift */ = {isa = PBXFileReference; fileEncoding = 4; lastKnownFileType = sourcecode.swift; path = CouponCell.swift; sourceTree = "<group>"; };
		92BCD5351F4E0A4C00284E3B /* Alert.swift */ = {isa = PBXFileReference; fileEncoding = 4; lastKnownFileType = sourcecode.swift; path = Alert.swift; sourceTree = "<group>"; };
		92BCD5371F4E0A8A00284E3B /* AlertCell.swift */ = {isa = PBXFileReference; fileEncoding = 4; lastKnownFileType = sourcecode.swift; path = AlertCell.swift; sourceTree = "<group>"; };
		92BCD53D1F5544C400284E3B /* UIColor+FIAdditions.swift */ = {isa = PBXFileReference; fileEncoding = 4; lastKnownFileType = sourcecode.swift; path = "UIColor+FIAdditions.swift"; sourceTree = "<group>"; };
		92BCD53F1F554EEA00284E3B /* FeedbackVC.swift */ = {isa = PBXFileReference; fileEncoding = 4; lastKnownFileType = sourcecode.swift; path = FeedbackVC.swift; sourceTree = "<group>"; };
		92BCD5411F55620900284E3B /* RadioCheck.swift */ = {isa = PBXFileReference; fileEncoding = 4; lastKnownFileType = sourcecode.swift; path = RadioCheck.swift; sourceTree = "<group>"; };
		92BCF4E61F30BF470047EB74 /* AlertVC.swift */ = {isa = PBXFileReference; fileEncoding = 4; lastKnownFileType = sourcecode.swift; path = AlertVC.swift; sourceTree = "<group>"; };
		92C2F1F81F11818E004C79DC /* UIColor.swift */ = {isa = PBXFileReference; fileEncoding = 4; lastKnownFileType = sourcecode.swift; path = UIColor.swift; sourceTree = "<group>"; };
		92DE41C01F16920A00535ACE /* UserInfo.swift */ = {isa = PBXFileReference; fileEncoding = 4; lastKnownFileType = sourcecode.swift; path = UserInfo.swift; sourceTree = "<group>"; };
		92EA3E201F2CB71F00060424 /* UIView.swift */ = {isa = PBXFileReference; fileEncoding = 4; lastKnownFileType = sourcecode.swift; path = UIView.swift; sourceTree = "<group>"; };
		92F490B51F38ECB10096521D /* ThankYouVC.swift */ = {isa = PBXFileReference; fileEncoding = 4; lastKnownFileType = sourcecode.swift; path = ThankYouVC.swift; sourceTree = "<group>"; };
		92FD4CDF1F93D2D400F4F1FD /* MoreSamplesVC.swift */ = {isa = PBXFileReference; lastKnownFileType = sourcecode.swift; path = MoreSamplesVC.swift; sourceTree = "<group>"; };
		92FD4CE11F93D50A00F4F1FD /* FAQ.swift */ = {isa = PBXFileReference; lastKnownFileType = sourcecode.swift; path = FAQ.swift; sourceTree = "<group>"; };
		92FD4CE31F93D54900F4F1FD /* FAQCell.swift */ = {isa = PBXFileReference; lastKnownFileType = sourcecode.swift; path = FAQCell.swift; sourceTree = "<group>"; };
		92FD4CE51F93DBF800F4F1FD /* FaqTVC.swift */ = {isa = PBXFileReference; lastKnownFileType = sourcecode.swift; path = FaqTVC.swift; sourceTree = "<group>"; };
		A6577A906A0B1F3A3F3C222B /* Pods-FS_Mark0.debug.xcconfig */ = {isa = PBXFileReference; includeInIndex = 1; lastKnownFileType = text.xcconfig; name = "Pods-FS_Mark0.debug.xcconfig"; path = "Pods/Target Support Files/Pods-FS_Mark0/Pods-FS_Mark0.debug.xcconfig"; sourceTree = "<group>"; };
		A6655B9E9A9DB8CC9CECBCA7 /* Pods-FS_Mark0.release.xcconfig */ = {isa = PBXFileReference; includeInIndex = 1; lastKnownFileType = text.xcconfig; name = "Pods-FS_Mark0.release.xcconfig"; path = "Pods/Target Support Files/Pods-FS_Mark0/Pods-FS_Mark0.release.xcconfig"; sourceTree = "<group>"; };
		F49F4495C781C9155B379118 /* Pods_FS_Mark0.framework */ = {isa = PBXFileReference; explicitFileType = wrapper.framework; includeInIndex = 0; path = Pods_FS_Mark0.framework; sourceTree = BUILT_PRODUCTS_DIR; };
/* End PBXFileReference section */

/* Begin PBXFrameworksBuildPhase section */
		92125DBC1F010BAC00826AC1 /* Frameworks */ = {
			isa = PBXFrameworksBuildPhase;
			buildActionMask = 2147483647;
			files = (
				15C4FF6FE7FD9FB7BCA01DAC /* Pods_FS_Mark0.framework in Frameworks */,
			);
			runOnlyForDeploymentPostprocessing = 0;
		};
/* End PBXFrameworksBuildPhase section */

/* Begin PBXGroup section */
		3BB98DAD1D526E49A75DCCB7 /* Pods */ = {
			isa = PBXGroup;
			children = (
				A6577A906A0B1F3A3F3C222B /* Pods-FS_Mark0.debug.xcconfig */,
				A6655B9E9A9DB8CC9CECBCA7 /* Pods-FS_Mark0.release.xcconfig */,
			);
			name = Pods;
			sourceTree = "<group>";
		};
		92125DB61F010BAB00826AC1 = {
			isa = PBXGroup;
			children = (
				92125DC11F010BAC00826AC1 /* FS_Mark0 */,
				92125DC01F010BAC00826AC1 /* Products */,
				3BB98DAD1D526E49A75DCCB7 /* Pods */,
				CAA2D091FEA8D6C9A00858B5 /* Frameworks */,
			);
			sourceTree = "<group>";
		};
		92125DC01F010BAC00826AC1 /* Products */ = {
			isa = PBXGroup;
			children = (
				92125DBF1F010BAC00826AC1 /* FS_Mark0.app */,
			);
			name = Products;
			sourceTree = "<group>";
		};
		92125DC11F010BAC00826AC1 /* FS_Mark0 */ = {
			isa = PBXGroup;
			children = (
				92680D3A1F862990007E3C50 /* anim.gif */,
				92680D011F82A2E1007E3C50 /* Resources */,
				9298BD451F7A63360048ABFA /* GoogleService-Info.plist */,
				922785641F48B0B70066F700 /* Model */,
				922785631F48B0710066F700 /* View */,
				92125DDF1F03CD1800826AC1 /* Controllers */,
				92125DE01F03CD3800826AC1 /* Services */,
				92AB4E631F2CF8DD00CB0DAA /* Helpers */,
				92125DC61F010BAC00826AC1 /* Main.storyboard */,
				92125DCB1F010BAC00826AC1 /* LaunchScreen.storyboard */,
				92125DC91F010BAC00826AC1 /* Assets.xcassets */,
				92125DCE1F010BAC00826AC1 /* Info.plist */,
				92125DDC1F025D2600826AC1 /* FS_Mark0.entitlements */,
			);
			path = FS_Mark0;
			sourceTree = "<group>";
		};
		92125DDF1F03CD1800826AC1 /* Controllers */ = {
			isa = PBXGroup;
			children = (
				922785651F48B0D10066F700 /* Login/SignUp */,
				922785661F48B0EF0066F700 /* MainTabBar */,
				9215537A1F87642700B85434 /* Coupon */,
				92AF006F1F3734410061E243 /* TabBarTBC.swift */,
				92BCD53F1F554EEA00284E3B /* FeedbackVC.swift */,
				92AA3DFB1F2D32C800A6613E /* ProfileVC.swift */,
				92ABFF181F1C9F00004A797C /* WebViewVC.swift */,
				92F490B51F38ECB10096521D /* ThankYouVC.swift */,
				922785611F476C450066F700 /* OrderTVC.swift */,
				92FD4CDF1F93D2D400F4F1FD /* MoreSamplesVC.swift */,
				92FD4CE51F93DBF800F4F1FD /* FaqTVC.swift */,
				92390BA21F94A41100CE0B78 /* InviteVC.swift */,
				923D7CA51F9F10250081F3C2 /* AddressVC.swift */,
			);
			name = Controllers;
			sourceTree = "<group>";
		};
		92125DE01F03CD3800826AC1 /* Services */ = {
			isa = PBXGroup;
			children = (
				9220FE7A1F04F3E200B0D402 /* NSUserDefaults+isFirstLaunch.swift */,
				92125DE11F03CD5600826AC1 /* DataService.swift */,
				92C2F1F81F11818E004C79DC /* UIColor.swift */,
				92DE41C01F16920A00535ACE /* UserInfo.swift */,
			);
			name = Services;
			sourceTree = "<group>";
		};
		9215537A1F87642700B85434 /* Coupon */ = {
			isa = PBXGroup;
			children = (
				92642CA51F88C2B7002FCF6E /* NewCouponVC.swift */,
				92642CA91F892E1B002FCF6E /* CouponFeedbackOnlineVC.swift */,
				92680D311F84D2CB007E3C50 /* CouponDetailVC.swift */,
				92642CA71F88CB70002FCF6E /* CouponDigitalVC.swift */,
			);
			name = Coupon;
			sourceTree = "<group>";
		};
		922785631F48B0710066F700 /* View */ = {
			isa = PBXGroup;
			children = (
				92B14B431F349134005C45FE /* CouponCell.swift */,
				920BF1CE1F3F6F46007E6DC8 /* OrderCell.swift */,
				92BCD5371F4E0A8A00284E3B /* AlertCell.swift */,
				9298BD491F7AE0430048ABFA /* BrandCell.swift */,
				92FD4CE31F93D54900F4F1FD /* FAQCell.swift */,
				923D7CA71F9F23FD0081F3C2 /* BottomTextField.swift */,
			);
			name = View;
			sourceTree = "<group>";
		};
		922785641F48B0B70066F700 /* Model */ = {
			isa = PBXGroup;
			children = (
				922785671F4921A20066F700 /* Coupon.swift */,
				920BF1CC1F3F641A007E6DC8 /* Order.swift */,
				92BCD5351F4E0A4C00284E3B /* Alert.swift */,
				9298BD471F7ADFA50048ABFA /* Brand.swift */,
				92FD4CE11F93D50A00F4F1FD /* FAQ.swift */,
			);
			name = Model;
			sourceTree = "<group>";
		};
		922785651F48B0D10066F700 /* Login/SignUp */ = {
			isa = PBXGroup;
			children = (
				92125DDA1F02553B00826AC1 /* SIgnInVC.swift */,
				9220FE7C1F0C4FE600B0D402 /* PhoneAuthVC.swift */,
				9220FE7E1F0DD2EA00B0D402 /* PhoneAuthVerificationVC.swift */,
				92984C1E1F62C2C6000FF983 /* DobVC.swift */,
				92390BA01F94A01C00CE0B78 /* GoogleVC.swift */,
				923D7CA31F9D8CCE0081F3C2 /* InitialQRVC.swift */,
			);
			name = Login/SignUp;
			sourceTree = "<group>";
		};
		922785661F48B0EF0066F700 /* MainTabBar */ = {
			isa = PBXGroup;
			children = (
				92125DD41F012A9700826AC1 /* QRCodeVC.swift */,
				92BCF4E61F30BF470047EB74 /* AlertVC.swift */,
				92AA3DF71F2D247D00A6613E /* MoreVC.swift */,
				92984C201F645372000FF983 /* HomeNewVC.swift */,
			);
			name = MainTabBar;
			sourceTree = "<group>";
		};
		92680D011F82A2E1007E3C50 /* Resources */ = {
			isa = PBXGroup;
			children = (
				92680D031F82A2F2007E3C50 /* Animation.mp4 */,
			);
			path = Resources;
			sourceTree = "<group>";
		};
		92AB4E631F2CF8DD00CB0DAA /* Helpers */ = {
			isa = PBXGroup;
			children = (
				92BCD53D1F5544C400284E3B /* UIColor+FIAdditions.swift */,
				92125DDD1F026C1000826AC1 /* UserData.swift */,
				92EA3E201F2CB71F00060424 /* UIView.swift */,
				92125DC21F010BAC00826AC1 /* AppDelegate.swift */,
				92B14B411F34880A005C45FE /* TabBar.swift */,
				92AF00691F35B4880061E243 /* Notification.swift */,
				92BCD5411F55620900284E3B /* RadioCheck.swift */,
				92680D3B1F862A39007E3C50 /* Int+degreesToRadians.swift */,
			);
			name = Helpers;
			sourceTree = "<group>";
		};
		CAA2D091FEA8D6C9A00858B5 /* Frameworks */ = {
			isa = PBXGroup;
			children = (
				92ABFF0A1F1B7E79004A797C /* SurveyMonkeyiOSSDK.framework */,
				F49F4495C781C9155B379118 /* Pods_FS_Mark0.framework */,
			);
			name = Frameworks;
			sourceTree = "<group>";
		};
/* End PBXGroup section */

/* Begin PBXNativeTarget section */
		92125DBE1F010BAC00826AC1 /* FS_Mark0 */ = {
			isa = PBXNativeTarget;
			buildConfigurationList = 92125DD11F010BAC00826AC1 /* Build configuration list for PBXNativeTarget "FS_Mark0" */;
			buildPhases = (
				AC2E70ED0A7B1E873E4FAF2D /* [CP] Check Pods Manifest.lock */,
				92125DBB1F010BAC00826AC1 /* Sources */,
				92125DBC1F010BAC00826AC1 /* Frameworks */,
				92125DBD1F010BAC00826AC1 /* Resources */,
				96EEA6F92B596B23CED4EB54 /* [CP] Embed Pods Frameworks */,
				89FB8C0D5473231BF7D74E17 /* [CP] Copy Pods Resources */,
			);
			buildRules = (
			);
			dependencies = (
			);
			name = FS_Mark0;
			productName = FS_Mark0;
			productReference = 92125DBF1F010BAC00826AC1 /* FS_Mark0.app */;
			productType = "com.apple.product-type.application";
		};
/* End PBXNativeTarget section */

/* Begin PBXProject section */
		92125DB71F010BAB00826AC1 /* Project object */ = {
			isa = PBXProject;
			attributes = {
				LastSwiftUpdateCheck = 0830;
				LastUpgradeCheck = 0900;
				ORGANIZATIONNAME = "Aryan Sharma";
				TargetAttributes = {
					92125DBE1F010BAC00826AC1 = {
						CreatedOnToolsVersion = 8.3.2;
						DevelopmentTeam = 468S6LB8MD;
						LastSwiftMigration = 0900;
						ProvisioningStyle = Manual;
						SystemCapabilities = {
							com.apple.BackgroundModes = {
								enabled = 1;
							};
							com.apple.Keychain = {
								enabled = 1;
							};
							com.apple.Push = {
								enabled = 1;
							};
						};
					};
				};
			};
			buildConfigurationList = 92125DBA1F010BAB00826AC1 /* Build configuration list for PBXProject "FS_Mark0" */;
			compatibilityVersion = "Xcode 3.2";
			developmentRegion = English;
			hasScannedForEncodings = 0;
			knownRegions = (
				en,
				Base,
			);
			mainGroup = 92125DB61F010BAB00826AC1;
			productRefGroup = 92125DC01F010BAC00826AC1 /* Products */;
			projectDirPath = "";
			projectRoot = "";
			targets = (
				92125DBE1F010BAC00826AC1 /* FS_Mark0 */,
			);
		};
/* End PBXProject section */

/* Begin PBXResourcesBuildPhase section */
		92125DBD1F010BAC00826AC1 /* Resources */ = {
			isa = PBXResourcesBuildPhase;
			buildActionMask = 2147483647;
			files = (
				92125DCD1F010BAC00826AC1 /* LaunchScreen.storyboard in Resources */,
				9298BD461F7A63360048ABFA /* GoogleService-Info.plist in Resources */,
				92125DCA1F010BAC00826AC1 /* Assets.xcassets in Resources */,
				92125DC81F010BAC00826AC1 /* Main.storyboard in Resources */,
			);
			runOnlyForDeploymentPostprocessing = 0;
		};
/* End PBXResourcesBuildPhase section */

/* Begin PBXShellScriptBuildPhase section */
		89FB8C0D5473231BF7D74E17 /* [CP] Copy Pods Resources */ = {
			isa = PBXShellScriptBuildPhase;
			buildActionMask = 2147483647;
			files = (
			);
			inputPaths = (
				"${SRCROOT}/Pods/Target Support Files/Pods-FS_Mark0/Pods-FS_Mark0-resources.sh",
				"${PODS_ROOT}/FirebaseInvites/Resources/GINInviteResources.bundle",
				"${PODS_ROOT}/FirebaseInvites/Resources/GPPACLPickerResources.bundle",
				"${PODS_ROOT}/GoogleSignIn/Resources/GoogleSignIn.bundle",
			);
			name = "[CP] Copy Pods Resources";
			outputPaths = (
				"${TARGET_BUILD_DIR}/${UNLOCALIZED_RESOURCES_FOLDER_PATH}",
			);
			runOnlyForDeploymentPostprocessing = 0;
			shellPath = /bin/sh;
			shellScript = "\"${SRCROOT}/Pods/Target Support Files/Pods-FS_Mark0/Pods-FS_Mark0-resources.sh\"\n";
			showEnvVarsInLog = 0;
		};
		96EEA6F92B596B23CED4EB54 /* [CP] Embed Pods Frameworks */ = {
			isa = PBXShellScriptBuildPhase;
			buildActionMask = 2147483647;
			files = (
			);
			inputPaths = (
				"${SRCROOT}/Pods/Target Support Files/Pods-FS_Mark0/Pods-FS_Mark0-frameworks.sh",
				"${BUILT_PRODUCTS_DIR}/Bolts/Bolts.framework",
				"${BUILT_PRODUCTS_DIR}/FBSDKCoreKit/FBSDKCoreKit.framework",
				"${BUILT_PRODUCTS_DIR}/FBSDKLoginKit/FBSDKLoginKit.framework",
				"${BUILT_PRODUCTS_DIR}/FBSDKShareKit/FBSDKShareKit.framework",
				"${BUILT_PRODUCTS_DIR}/GTMOAuth2/GTMOAuth2.framework",
				"${BUILT_PRODUCTS_DIR}/GTMSessionFetcher/GTMSessionFetcher.framework",
				"${BUILT_PRODUCTS_DIR}/GoogleAPIClientForREST/GoogleAPIClientForREST.framework",
				"${BUILT_PRODUCTS_DIR}/GoogleToolboxForMac/GoogleToolboxForMac.framework",
				"${BUILT_PRODUCTS_DIR}/Protobuf/Protobuf.framework",
				"${BUILT_PRODUCTS_DIR}/QRCodeReader.swift/QRCodeReader.framework",
				"${BUILT_PRODUCTS_DIR}/SwiftKeychainWrapper/SwiftKeychainWrapper.framework",
				"${BUILT_PRODUCTS_DIR}/SwiftyGif/SwiftyGif.framework",
				"${BUILT_PRODUCTS_DIR}/Toaster/Toaster.framework",
				"${BUILT_PRODUCTS_DIR}/leveldb-library/leveldb.framework",
				"${BUILT_PRODUCTS_DIR}/nanopb/nanopb.framework",
			);
			name = "[CP] Embed Pods Frameworks";
			outputPaths = (
				"${TARGET_BUILD_DIR}/${FRAMEWORKS_FOLDER_PATH}/Bolts.framework",
				"${TARGET_BUILD_DIR}/${FRAMEWORKS_FOLDER_PATH}/FBSDKCoreKit.framework",
				"${TARGET_BUILD_DIR}/${FRAMEWORKS_FOLDER_PATH}/FBSDKLoginKit.framework",
				"${TARGET_BUILD_DIR}/${FRAMEWORKS_FOLDER_PATH}/FBSDKShareKit.framework",
				"${TARGET_BUILD_DIR}/${FRAMEWORKS_FOLDER_PATH}/GTMOAuth2.framework",
				"${TARGET_BUILD_DIR}/${FRAMEWORKS_FOLDER_PATH}/GTMSessionFetcher.framework",
				"${TARGET_BUILD_DIR}/${FRAMEWORKS_FOLDER_PATH}/GoogleAPIClientForREST.framework",
				"${TARGET_BUILD_DIR}/${FRAMEWORKS_FOLDER_PATH}/GoogleToolboxForMac.framework",
				"${TARGET_BUILD_DIR}/${FRAMEWORKS_FOLDER_PATH}/Protobuf.framework",
				"${TARGET_BUILD_DIR}/${FRAMEWORKS_FOLDER_PATH}/QRCodeReader.framework",
				"${TARGET_BUILD_DIR}/${FRAMEWORKS_FOLDER_PATH}/SwiftKeychainWrapper.framework",
				"${TARGET_BUILD_DIR}/${FRAMEWORKS_FOLDER_PATH}/SwiftyGif.framework",
				"${TARGET_BUILD_DIR}/${FRAMEWORKS_FOLDER_PATH}/Toaster.framework",
				"${TARGET_BUILD_DIR}/${FRAMEWORKS_FOLDER_PATH}/leveldb.framework",
				"${TARGET_BUILD_DIR}/${FRAMEWORKS_FOLDER_PATH}/nanopb.framework",
			);
			runOnlyForDeploymentPostprocessing = 0;
			shellPath = /bin/sh;
			shellScript = "\"${SRCROOT}/Pods/Target Support Files/Pods-FS_Mark0/Pods-FS_Mark0-frameworks.sh\"\n";
			showEnvVarsInLog = 0;
		};
		AC2E70ED0A7B1E873E4FAF2D /* [CP] Check Pods Manifest.lock */ = {
			isa = PBXShellScriptBuildPhase;
			buildActionMask = 2147483647;
			files = (
			);
			inputPaths = (
				"${PODS_PODFILE_DIR_PATH}/Podfile.lock",
				"${PODS_ROOT}/Manifest.lock",
			);
			name = "[CP] Check Pods Manifest.lock";
			outputPaths = (
				"$(DERIVED_FILE_DIR)/Pods-FS_Mark0-checkManifestLockResult.txt",
			);
			runOnlyForDeploymentPostprocessing = 0;
			shellPath = /bin/sh;
			shellScript = "diff \"${PODS_PODFILE_DIR_PATH}/Podfile.lock\" \"${PODS_ROOT}/Manifest.lock\" > /dev/null\nif [ $? != 0 ] ; then\n    # print error to STDERR\n    echo \"error: The sandbox is not in sync with the Podfile.lock. Run 'pod install' or update your CocoaPods installation.\" >&2\n    exit 1\nfi\n# This output is used by Xcode 'outputs' to avoid re-running this script phase.\necho \"SUCCESS\" > \"${SCRIPT_OUTPUT_FILE_0}\"\n";
			showEnvVarsInLog = 0;
		};
/* End PBXShellScriptBuildPhase section */

/* Begin PBXSourcesBuildPhase section */
		92125DBB1F010BAC00826AC1 /* Sources */ = {
			isa = PBXSourcesBuildPhase;
			buildActionMask = 2147483647;
			files = (
				92FD4CE01F93D2D400F4F1FD /* MoreSamplesVC.swift in Sources */,
				92BCD53E1F5544C400284E3B /* UIColor+FIAdditions.swift in Sources */,
				9298BD481F7ADFA50048ABFA /* Brand.swift in Sources */,
				92EA3E211F2CB71F00060424 /* UIView.swift in Sources */,
				92642CA61F88C2B7002FCF6E /* NewCouponVC.swift in Sources */,
				9220FE7F1F0DD2EA00B0D402 /* PhoneAuthVerificationVC.swift in Sources */,
				92125DC31F010BAC00826AC1 /* AppDelegate.swift in Sources */,
				92AA3DFC1F2D32C800A6613E /* ProfileVC.swift in Sources */,
				923D7CA41F9D8CCE0081F3C2 /* InitialQRVC.swift in Sources */,
				92FD4CE41F93D54900F4F1FD /* FAQCell.swift in Sources */,
				92680D3C1F862A39007E3C50 /* Int+degreesToRadians.swift in Sources */,
				9220FE7D1F0C4FE600B0D402 /* PhoneAuthVC.swift in Sources */,
				92AA3DF81F2D247D00A6613E /* MoreVC.swift in Sources */,
				92B14B421F34880A005C45FE /* TabBar.swift in Sources */,
				92F490B61F38ECB10096521D /* ThankYouVC.swift in Sources */,
				92BCD5401F554EEA00284E3B /* FeedbackVC.swift in Sources */,
				92125DDB1F02553B00826AC1 /* SIgnInVC.swift in Sources */,
				92DE41C11F16920A00535ACE /* UserInfo.swift in Sources */,
				922785621F476C450066F700 /* OrderTVC.swift in Sources */,
				9220FE7B1F04F3E200B0D402 /* NSUserDefaults+isFirstLaunch.swift in Sources */,
				92BCD5421F55620900284E3B /* RadioCheck.swift in Sources */,
				92125DE21F03CD5600826AC1 /* DataService.swift in Sources */,
				9298BD4A1F7AE0430048ABFA /* BrandCell.swift in Sources */,
				923D7CA81F9F23FD0081F3C2 /* BottomTextField.swift in Sources */,
				92984C211F645372000FF983 /* HomeNewVC.swift in Sources */,
				92125DDE1F026C1000826AC1 /* UserData.swift in Sources */,
				92B14B441F349134005C45FE /* CouponCell.swift in Sources */,
				92BCD5381F4E0A8A00284E3B /* AlertCell.swift in Sources */,
				92984C1F1F62C2C6000FF983 /* DobVC.swift in Sources */,
				92AF00701F3734420061E243 /* TabBarTBC.swift in Sources */,
				92125DD51F012A9700826AC1 /* QRCodeVC.swift in Sources */,
				92BCF4E71F30BF470047EB74 /* AlertVC.swift in Sources */,
				92FD4CE61F93DBF800F4F1FD /* FaqTVC.swift in Sources */,
				920BF1CF1F3F6F46007E6DC8 /* OrderCell.swift in Sources */,
				92390BA31F94A41100CE0B78 /* InviteVC.swift in Sources */,
				92FD4CE21F93D50A00F4F1FD /* FAQ.swift in Sources */,
				92AF006A1F35B4880061E243 /* Notification.swift in Sources */,
				92390BA11F94A01C00CE0B78 /* GoogleVC.swift in Sources */,
				923D7CA61F9F10250081F3C2 /* AddressVC.swift in Sources */,
				92680D321F84D2CB007E3C50 /* CouponDetailVC.swift in Sources */,
				92BCD5361F4E0A4C00284E3B /* Alert.swift in Sources */,
				92ABFF191F1C9F00004A797C /* WebViewVC.swift in Sources */,
				92642CA81F88CB70002FCF6E /* CouponDigitalVC.swift in Sources */,
				92C2F1F91F11818E004C79DC /* UIColor.swift in Sources */,
				92642CAA1F892E1B002FCF6E /* CouponFeedbackOnlineVC.swift in Sources */,
				920BF1CD1F3F641A007E6DC8 /* Order.swift in Sources */,
				922785681F4921A20066F700 /* Coupon.swift in Sources */,
			);
			runOnlyForDeploymentPostprocessing = 0;
		};
/* End PBXSourcesBuildPhase section */

/* Begin PBXVariantGroup section */
		92125DC61F010BAC00826AC1 /* Main.storyboard */ = {
			isa = PBXVariantGroup;
			children = (
				92125DC71F010BAC00826AC1 /* Base */,
			);
			name = Main.storyboard;
			sourceTree = "<group>";
		};
		92125DCB1F010BAC00826AC1 /* LaunchScreen.storyboard */ = {
			isa = PBXVariantGroup;
			children = (
				92125DCC1F010BAC00826AC1 /* Base */,
			);
			name = LaunchScreen.storyboard;
			sourceTree = "<group>";
		};
/* End PBXVariantGroup section */

/* Begin XCBuildConfiguration section */
		92125DCF1F010BAC00826AC1 /* Debug */ = {
			isa = XCBuildConfiguration;
			buildSettings = {
				ALWAYS_SEARCH_USER_PATHS = NO;
				CLANG_ANALYZER_NONNULL = YES;
				CLANG_ANALYZER_NUMBER_OBJECT_CONVERSION = YES_AGGRESSIVE;
				CLANG_CXX_LANGUAGE_STANDARD = "gnu++0x";
				CLANG_CXX_LIBRARY = "libc++";
				CLANG_ENABLE_MODULES = YES;
				CLANG_ENABLE_OBJC_ARC = YES;
				CLANG_WARN_BLOCK_CAPTURE_AUTORELEASING = YES;
				CLANG_WARN_BOOL_CONVERSION = YES;
				CLANG_WARN_COMMA = YES;
				CLANG_WARN_CONSTANT_CONVERSION = YES;
				CLANG_WARN_DIRECT_OBJC_ISA_USAGE = YES_ERROR;
				CLANG_WARN_DOCUMENTATION_COMMENTS = YES;
				CLANG_WARN_EMPTY_BODY = YES;
				CLANG_WARN_ENUM_CONVERSION = YES;
				CLANG_WARN_INFINITE_RECURSION = YES;
				CLANG_WARN_INT_CONVERSION = YES;
				CLANG_WARN_NON_LITERAL_NULL_CONVERSION = YES;
				CLANG_WARN_OBJC_LITERAL_CONVERSION = YES;
				CLANG_WARN_OBJC_ROOT_CLASS = YES_ERROR;
				CLANG_WARN_RANGE_LOOP_ANALYSIS = YES;
				CLANG_WARN_STRICT_PROTOTYPES = YES;
				CLANG_WARN_SUSPICIOUS_MOVE = YES;
				CLANG_WARN_UNREACHABLE_CODE = YES;
				CLANG_WARN__DUPLICATE_METHOD_MATCH = YES;
				"CODE_SIGN_IDENTITY[sdk=iphoneos*]" = "iPhone Developer";
				COPY_PHASE_STRIP = NO;
				DEBUG_INFORMATION_FORMAT = dwarf;
				ENABLE_STRICT_OBJC_MSGSEND = YES;
				ENABLE_TESTABILITY = YES;
				GCC_C_LANGUAGE_STANDARD = gnu99;
				GCC_DYNAMIC_NO_PIC = NO;
				GCC_NO_COMMON_BLOCKS = YES;
				GCC_OPTIMIZATION_LEVEL = 0;
				GCC_PREPROCESSOR_DEFINITIONS = (
					"DEBUG=1",
					"$(inherited)",
				);
				GCC_WARN_64_TO_32_BIT_CONVERSION = YES;
				GCC_WARN_ABOUT_RETURN_TYPE = YES_ERROR;
				GCC_WARN_UNDECLARED_SELECTOR = YES;
				GCC_WARN_UNINITIALIZED_AUTOS = YES_AGGRESSIVE;
				GCC_WARN_UNUSED_FUNCTION = YES;
				GCC_WARN_UNUSED_VARIABLE = YES;
				IPHONEOS_DEPLOYMENT_TARGET = 10.3;
				MTL_ENABLE_DEBUG_INFO = YES;
				ONLY_ACTIVE_ARCH = YES;
				SDKROOT = iphoneos;
				SWIFT_ACTIVE_COMPILATION_CONDITIONS = DEBUG;
				SWIFT_OPTIMIZATION_LEVEL = "-Onone";
				TARGETED_DEVICE_FAMILY = "1,2";
			};
			name = Debug;
		};
		92125DD01F010BAC00826AC1 /* Release */ = {
			isa = XCBuildConfiguration;
			buildSettings = {
				ALWAYS_SEARCH_USER_PATHS = NO;
				CLANG_ANALYZER_NONNULL = YES;
				CLANG_ANALYZER_NUMBER_OBJECT_CONVERSION = YES_AGGRESSIVE;
				CLANG_CXX_LANGUAGE_STANDARD = "gnu++0x";
				CLANG_CXX_LIBRARY = "libc++";
				CLANG_ENABLE_MODULES = YES;
				CLANG_ENABLE_OBJC_ARC = YES;
				CLANG_WARN_BLOCK_CAPTURE_AUTORELEASING = YES;
				CLANG_WARN_BOOL_CONVERSION = YES;
				CLANG_WARN_COMMA = YES;
				CLANG_WARN_CONSTANT_CONVERSION = YES;
				CLANG_WARN_DIRECT_OBJC_ISA_USAGE = YES_ERROR;
				CLANG_WARN_DOCUMENTATION_COMMENTS = YES;
				CLANG_WARN_EMPTY_BODY = YES;
				CLANG_WARN_ENUM_CONVERSION = YES;
				CLANG_WARN_INFINITE_RECURSION = YES;
				CLANG_WARN_INT_CONVERSION = YES;
				CLANG_WARN_NON_LITERAL_NULL_CONVERSION = YES;
				CLANG_WARN_OBJC_LITERAL_CONVERSION = YES;
				CLANG_WARN_OBJC_ROOT_CLASS = YES_ERROR;
				CLANG_WARN_RANGE_LOOP_ANALYSIS = YES;
				CLANG_WARN_STRICT_PROTOTYPES = YES;
				CLANG_WARN_SUSPICIOUS_MOVE = YES;
				CLANG_WARN_UNREACHABLE_CODE = YES;
				CLANG_WARN__DUPLICATE_METHOD_MATCH = YES;
				"CODE_SIGN_IDENTITY[sdk=iphoneos*]" = "iPhone Developer";
				COPY_PHASE_STRIP = NO;
				DEBUG_INFORMATION_FORMAT = "dwarf-with-dsym";
				ENABLE_NS_ASSERTIONS = NO;
				ENABLE_STRICT_OBJC_MSGSEND = YES;
				GCC_C_LANGUAGE_STANDARD = gnu99;
				GCC_NO_COMMON_BLOCKS = YES;
				GCC_WARN_64_TO_32_BIT_CONVERSION = YES;
				GCC_WARN_ABOUT_RETURN_TYPE = YES_ERROR;
				GCC_WARN_UNDECLARED_SELECTOR = YES;
				GCC_WARN_UNINITIALIZED_AUTOS = YES_AGGRESSIVE;
				GCC_WARN_UNUSED_FUNCTION = YES;
				GCC_WARN_UNUSED_VARIABLE = YES;
				IPHONEOS_DEPLOYMENT_TARGET = 10.3;
				MTL_ENABLE_DEBUG_INFO = NO;
				SDKROOT = iphoneos;
				SWIFT_OPTIMIZATION_LEVEL = "-Owholemodule";
				TARGETED_DEVICE_FAMILY = "1,2";
				VALIDATE_PRODUCT = YES;
			};
			name = Release;
		};
		92125DD21F010BAC00826AC1 /* Debug */ = {
			isa = XCBuildConfiguration;
			baseConfigurationReference = A6577A906A0B1F3A3F3C222B /* Pods-FS_Mark0.debug.xcconfig */;
			buildSettings = {
				ASSETCATALOG_COMPILER_APPICON_NAME = AppIcon;
				CLANG_ENABLE_MODULES = YES;
				CODE_SIGN_ENTITLEMENTS = FS_Mark0/FS_Mark0.entitlements;
				"CODE_SIGN_IDENTITY[sdk=iphoneos*]" = "iPhone Developer";
				CODE_SIGN_STYLE = Manual;
				DEVELOPMENT_TEAM = 468S6LB8MD;
				FRAMEWORK_SEARCH_PATHS = "$(inherited)";
				INFOPLIST_FILE = FS_Mark0/Info.plist;
				IPHONEOS_DEPLOYMENT_TARGET = 10.3;
				LD_RUNPATH_SEARCH_PATHS = "$(inherited) @executable_path/Frameworks";
				PRODUCT_BUNDLE_IDENTIFIER = "buildFlash.FS-Mark0";
				PRODUCT_NAME = "$(TARGET_NAME)";
				PROVISIONING_PROFILE = "b9ffc3ea-cd30-4b1b-9681-2ddfdf1d6bdc";
				PROVISIONING_PROFILE_SPECIFIER = Freestand_bf_dev;
				SWIFT_OPTIMIZATION_LEVEL = "-Onone";
				SWIFT_SWIFT3_OBJC_INFERENCE = Default;
				SWIFT_VERSION = 4.0;
				TARGETED_DEVICE_FAMILY = 1;
			};
			name = Debug;
		};
		92125DD31F010BAC00826AC1 /* Release */ = {
			isa = XCBuildConfiguration;
			baseConfigurationReference = A6655B9E9A9DB8CC9CECBCA7 /* Pods-FS_Mark0.release.xcconfig */;
			buildSettings = {
				ASSETCATALOG_COMPILER_APPICON_NAME = AppIcon;
				CLANG_ENABLE_MODULES = YES;
				CODE_SIGN_ENTITLEMENTS = FS_Mark0/FS_Mark0.entitlements;
				"CODE_SIGN_IDENTITY[sdk=iphoneos*]" = "iPhone Distribution";
				CODE_SIGN_STYLE = Manual;
				DEVELOPMENT_TEAM = 468S6LB8MD;
				FRAMEWORK_SEARCH_PATHS = "$(inherited)";
				INFOPLIST_FILE = FS_Mark0/Info.plist;
				IPHONEOS_DEPLOYMENT_TARGET = 10.3;
				LD_RUNPATH_SEARCH_PATHS = "$(inherited) @executable_path/Frameworks";
				PRODUCT_BUNDLE_IDENTIFIER = "buildFlash.FS-Mark0";
				PRODUCT_NAME = "$(TARGET_NAME)";
				PROVISIONING_PROFILE = "a981f0c2-c3e0-48a4-ad25-e71f311b413b";
				PROVISIONING_PROFILE_SPECIFIER = Freestand_bf_dist;
				SWIFT_SWIFT3_OBJC_INFERENCE = Default;
				SWIFT_VERSION = 4.0;
				TARGETED_DEVICE_FAMILY = 1;
			};
			name = Release;
		};
/* End XCBuildConfiguration section */

/* Begin XCConfigurationList section */
		92125DBA1F010BAB00826AC1 /* Build configuration list for PBXProject "FS_Mark0" */ = {
			isa = XCConfigurationList;
			buildConfigurations = (
				92125DCF1F010BAC00826AC1 /* Debug */,
				92125DD01F010BAC00826AC1 /* Release */,
			);
			defaultConfigurationIsVisible = 0;
			defaultConfigurationName = Release;
		};
		92125DD11F010BAC00826AC1 /* Build configuration list for PBXNativeTarget "FS_Mark0" */ = {
			isa = XCConfigurationList;
			buildConfigurations = (
				92125DD21F010BAC00826AC1 /* Debug */,
				92125DD31F010BAC00826AC1 /* Release */,
			);
			defaultConfigurationIsVisible = 0;
			defaultConfigurationName = Release;
		};
/* End XCConfigurationList section */
	};
	rootObject = 92125DB71F010BAB00826AC1 /* Project object */;
}
